// !$*UTF8*$!
{
	archiveVersion = 1;
	classes = {
	};
	objectVersion = 46;
	objects = {

/* Begin PBXBuildFile section */
		DE33ED651DCC217100856D80 /* AppDelegate.swift in Sources */ = {isa = PBXBuildFile; fileRef = DE33ED641DCC217100856D80 /* AppDelegate.swift */; };
		DE33ED671DCC217100856D80 /* ViewController.swift in Sources */ = {isa = PBXBuildFile; fileRef = DE33ED661DCC217100856D80 /* ViewController.swift */; };
		DE33ED6A1DCC217100856D80 /* Main.storyboard in Resources */ = {isa = PBXBuildFile; fileRef = DE33ED681DCC217100856D80 /* Main.storyboard */; };
		DE33ED6C1DCC217100856D80 /* Assets.xcassets in Resources */ = {isa = PBXBuildFile; fileRef = DE33ED6B1DCC217100856D80 /* Assets.xcassets */; };
		DE33ED6F1DCC217100856D80 /* LaunchScreen.storyboard in Resources */ = {isa = PBXBuildFile; fileRef = DE33ED6D1DCC217100856D80 /* LaunchScreen.storyboard */; };
		DE33ED7A1DCC217100856D80 /* SelfigramTests.swift in Sources */ = {isa = PBXBuildFile; fileRef = DE33ED791DCC217100856D80 /* SelfigramTests.swift */; };
		DE33ED851DCC217100856D80 /* SelfigramUITests.swift in Sources */ = {isa = PBXBuildFile; fileRef = DE33ED841DCC217100856D80 /* SelfigramUITests.swift */; };
/* End PBXBuildFile section */

/* Begin PBXContainerItemProxy section */
		DE33ED761DCC217100856D80 /* PBXContainerItemProxy */ = {
			isa = PBXContainerItemProxy;
			containerPortal = DE33ED591DCC217100856D80 /* Project object */;
			proxyType = 1;
			remoteGlobalIDString = DE33ED601DCC217100856D80;
			remoteInfo = Selfigram;
		};
		DE33ED811DCC217100856D80 /* PBXContainerItemProxy */ = {
			isa = PBXContainerItemProxy;
			containerPortal = DE33ED591DCC217100856D80 /* Project object */;
			proxyType = 1;
			remoteGlobalIDString = DE33ED601DCC217100856D80;
			remoteInfo = Selfigram;
		};
/* End PBXContainerItemProxy section */

/* Begin PBXFileReference section */
		DE33ED611DCC217100856D80 /* Selfigram.app */ = {isa = PBXFileReference; explicitFileType = wrapper.application; includeInIndex = 0; path = Selfigram.app; sourceTree = BUILT_PRODUCTS_DIR; };
		DE33ED641DCC217100856D80 /* AppDelegate.swift */ = {isa = PBXFileReference; lastKnownFileType = sourcecode.swift; path = AppDelegate.swift; sourceTree = "<group>"; };
		DE33ED661DCC217100856D80 /* ViewController.swift */ = {isa = PBXFileReference; lastKnownFileType = sourcecode.swift; path = ViewController.swift; sourceTree = "<group>"; };
		DE33ED691DCC217100856D80 /* Base */ = {isa = PBXFileReference; lastKnownFileType = file.storyboard; name = Base; path = Base.lproj/Main.storyboard; sourceTree = "<group>"; };
		DE33ED6B1DCC217100856D80 /* Assets.xcassets */ = {isa = PBXFileReference; lastKnownFileType = folder.assetcatalog; path = Assets.xcassets; sourceTree = "<group>"; };
		DE33ED6E1DCC217100856D80 /* Base */ = {isa = PBXFileReference; lastKnownFileType = file.storyboard; name = Base; path = Base.lproj/LaunchScreen.storyboard; sourceTree = "<group>"; };
		DE33ED701DCC217100856D80 /* Info.plist */ = {isa = PBXFileReference; lastKnownFileType = text.plist.xml; path = Info.plist; sourceTree = "<group>"; };
		DE33ED751DCC217100856D80 /* SelfigramTests.xctest */ = {isa = PBXFileReference; explicitFileType = wrapper.cfbundle; includeInIndex = 0; path = SelfigramTests.xctest; sourceTree = BUILT_PRODUCTS_DIR; };
		DE33ED791DCC217100856D80 /* SelfigramTests.swift */ = {isa = PBXFileReference; lastKnownFileType = sourcecode.swift; path = SelfigramTests.swift; sourceTree = "<group>"; };
		DE33ED7B1DCC217100856D80 /* Info.plist */ = {isa = PBXFileReference; lastKnownFileType = text.plist.xml; path = Info.plist; sourceTree = "<group>"; };
		DE33ED801DCC217100856D80 /* SelfigramUITests.xctest */ = {isa = PBXFileReference; explicitFileType = wrapper.cfbundle; includeInIndex = 0; path = SelfigramUITests.xctest; sourceTree = BUILT_PRODUCTS_DIR; };
		DE33ED841DCC217100856D80 /* SelfigramUITests.swift */ = {isa = PBXFileReference; lastKnownFileType = sourcecode.swift; path = SelfigramUITests.swift; sourceTree = "<group>"; };
		DE33ED861DCC217100856D80 /* Info.plist */ = {isa = PBXFileReference; lastKnownFileType = text.plist.xml; path = Info.plist; sourceTree = "<group>"; };
/* End PBXFileReference section */

/* Begin PBXFrameworksBuildPhase section */
		DE33ED5E1DCC217100856D80 /* Frameworks */ = {
			isa = PBXFrameworksBuildPhase;
			buildActionMask = 2147483647;
			files = (
			);
			runOnlyForDeploymentPostprocessing = 0;
		};
		DE33ED721DCC217100856D80 /* Frameworks */ = {
			isa = PBXFrameworksBuildPhase;
			buildActionMask = 2147483647;
			files = (
			);
			runOnlyForDeploymentPostprocessing = 0;
		};
		DE33ED7D1DCC217100856D80 /* Frameworks */ = {
			isa = PBXFrameworksBuildPhase;
			buildActionMask = 2147483647;
			files = (
			);
			runOnlyForDeploymentPostprocessing = 0;
		};
/* End PBXFrameworksBuildPhase section */

/* Begin PBXGroup section */
		DE33ED581DCC217100856D80 = {
			isa = PBXGroup;
			children = (
				DE33ED631DCC217100856D80 /* Selfigram */,
				DE33ED781DCC217100856D80 /* SelfigramTests */,
				DE33ED831DCC217100856D80 /* SelfigramUITests */,
			);
			sourceTree = "<group>";
		};
		DE33ED621DCC217100856D80 /* Products */ = {
			isa = PBXGroup;
			children = (
				DE33ED611DCC217100856D80 /* Selfigram.app */,
				DE33ED751DCC217100856D80 /* SelfigramTests.xctest */,
				DE33ED801DCC217100856D80 /* SelfigramUITests.xctest */,
			);
			name = Products;
			path = ..;
			sourceTree = "<group>";
		};
		DE33ED631DCC217100856D80 /* Selfigram */ = {
			isa = PBXGroup;
			children = (
				DE33ED621DCC217100856D80 /* Products */,
				DE33ED641DCC217100856D80 /* AppDelegate.swift */,
				DE33ED661DCC217100856D80 /* ViewController.swift */,
				DE33ED681DCC217100856D80 /* Main.storyboard */,
				DE33ED6B1DCC217100856D80 /* Assets.xcassets */,
				DE33ED6D1DCC217100856D80 /* LaunchScreen.storyboard */,
				DE33ED701DCC217100856D80 /* Info.plist */,
			);
			path = Selfigram;
			sourceTree = "<group>";
		};
		DE33ED781DCC217100856D80 /* SelfigramTests */ = {
			isa = PBXGroup;
			children = (
				DE33ED791DCC217100856D80 /* SelfigramTests.swift */,
				DE33ED7B1DCC217100856D80 /* Info.plist */,
			);
			path = SelfigramTests;
			sourceTree = "<group>";
		};
		DE33ED831DCC217100856D80 /* SelfigramUITests */ = {
			isa = PBXGroup;
			children = (
				DE33ED841DCC217100856D80 /* SelfigramUITests.swift */,
				DE33ED861DCC217100856D80 /* Info.plist */,
			);
			path = SelfigramUITests;
			sourceTree = "<group>";
		};
/* End PBXGroup section */

/* Begin PBXNativeTarget section */
		DE33ED601DCC217100856D80 /* Selfigram */ = {
			isa = PBXNativeTarget;
			buildConfigurationList = DE33ED891DCC217100856D80 /* Build configuration list for PBXNativeTarget "Selfigram" */;
			buildPhases = (
				DE33ED5D1DCC217100856D80 /* Sources */,
				DE33ED5E1DCC217100856D80 /* Frameworks */,
				DE33ED5F1DCC217100856D80 /* Resources */,
			);
			buildRules = (
			);
			dependencies = (
			);
			name = Selfigram;
			productName = Selfigram;
			productReference = DE33ED611DCC217100856D80 /* Selfigram.app */;
			productType = "com.apple.product-type.application";
		};
		DE33ED741DCC217100856D80 /* SelfigramTests */ = {
			isa = PBXNativeTarget;
			buildConfigurationList = DE33ED8C1DCC217100856D80 /* Build configuration list for PBXNativeTarget "SelfigramTests" */;
			buildPhases = (
				DE33ED711DCC217100856D80 /* Sources */,
				DE33ED721DCC217100856D80 /* Frameworks */,
				DE33ED731DCC217100856D80 /* Resources */,
			);
			buildRules = (
			);
			dependencies = (
				DE33ED771DCC217100856D80 /* PBXTargetDependency */,
			);
			name = SelfigramTests;
			productName = SelfigramTests;
			productReference = DE33ED751DCC217100856D80 /* SelfigramTests.xctest */;
			productType = "com.apple.product-type.bundle.unit-test";
		};
		DE33ED7F1DCC217100856D80 /* SelfigramUITests */ = {
			isa = PBXNativeTarget;
			buildConfigurationList = DE33ED8F1DCC217100856D80 /* Build configuration list for PBXNativeTarget "SelfigramUITests" */;
			buildPhases = (
				DE33ED7C1DCC217100856D80 /* Sources */,
				DE33ED7D1DCC217100856D80 /* Frameworks */,
				DE33ED7E1DCC217100856D80 /* Resources */,
			);
			buildRules = (
			);
			dependencies = (
				DE33ED821DCC217100856D80 /* PBXTargetDependency */,
			);
			name = SelfigramUITests;
			productName = SelfigramUITests;
			productReference = DE33ED801DCC217100856D80 /* SelfigramUITests.xctest */;
			productType = "com.apple.product-type.bundle.ui-testing";
		};
/* End PBXNativeTarget section */

/* Begin PBXProject section */
		DE33ED591DCC217100856D80 /* Project object */ = {
			isa = PBXProject;
			attributes = {
				LastSwiftUpdateCheck = 0810;
				LastUpgradeCheck = 0810;
				ORGANIZATIONNAME = "alex parsa";
				TargetAttributes = {
					DE33ED601DCC217100856D80 = {
						CreatedOnToolsVersion = 8.1;
						ProvisioningStyle = Automatic;
					};
					DE33ED741DCC217100856D80 = {
						CreatedOnToolsVersion = 8.1;
						ProvisioningStyle = Automatic;
						TestTargetID = DE33ED601DCC217100856D80;
					};
					DE33ED7F1DCC217100856D80 = {
						CreatedOnToolsVersion = 8.1;
						ProvisioningStyle = Automatic;
						TestTargetID = DE33ED601DCC217100856D80;
					};
				};
			};
			buildConfigurationList = DE33ED5C1DCC217100856D80 /* Build configuration list for PBXProject "Selfigram" */;
			compatibilityVersion = "Xcode 3.2";
			developmentRegion = English;
			hasScannedForEncodings = 0;
			knownRegions = (
				en,
				Base,
			);
			mainGroup = DE33ED581DCC217100856D80;
			productRefGroup = DE33ED621DCC217100856D80 /* Products */;
			projectDirPath = "";
			projectRoot = "";
			targets = (
				DE33ED601DCC217100856D80 /* Selfigram */,
				DE33ED741DCC217100856D80 /* SelfigramTests */,
				DE33ED7F1DCC217100856D80 /* SelfigramUITests */,
			);
		};
/* End PBXProject section */

/* Begin PBXResourcesBuildPhase section */
		DE33ED5F1DCC217100856D80 /* Resources */ = {
			isa = PBXResourcesBuildPhase;
			buildActionMask = 2147483647;
			files = (
				DE33ED6F1DCC217100856D80 /* LaunchScreen.storyboard in Resources */,
				DE33ED6C1DCC217100856D80 /* Assets.xcassets in Resources */,
				DE33ED6A1DCC217100856D80 /* Main.storyboard in Resources */,
			);
			runOnlyForDeploymentPostprocessing = 0;
		};
		DE33ED731DCC217100856D80 /* Resources */ = {
			isa = PBXResourcesBuildPhase;
			buildActionMask = 2147483647;
			files = (
			);
			runOnlyForDeploymentPostprocessing = 0;
		};
		DE33ED7E1DCC217100856D80 /* Resources */ = {
			isa = PBXResourcesBuildPhase;
			buildActionMask = 2147483647;
			files = (
			);
			runOnlyForDeploymentPostprocessing = 0;
		};
/* End PBXResourcesBuildPhase section */

/* Begin PBXSourcesBuildPhase section */
		DE33ED5D1DCC217100856D80 /* Sources */ = {
			isa = PBXSourcesBuildPhase;
			buildActionMask = 2147483647;
			files = (
				DE33ED671DCC217100856D80 /* ViewController.swift in Sources */,
				DE33ED651DCC217100856D80 /* AppDelegate.swift in Sources */,
			);
			runOnlyForDeploymentPostprocessing = 0;
		};
		DE33ED711DCC217100856D80 /* Sources */ = {
			isa = PBXSourcesBuildPhase;
			buildActionMask = 2147483647;
			files = (
				DE33ED7A1DCC217100856D80 /* SelfigramTests.swift in Sources */,
			);
			runOnlyForDeploymentPostprocessing = 0;
		};
		DE33ED7C1DCC217100856D80 /* Sources */ = {
			isa = PBXSourcesBuildPhase;
			buildActionMask = 2147483647;
			files = (
				DE33ED851DCC217100856D80 /* SelfigramUITests.swift in Sources */,
			);
			runOnlyForDeploymentPostprocessing = 0;
		};
/* End PBXSourcesBuildPhase section */

/* Begin PBXTargetDependency section */
		DE33ED771DCC217100856D80 /* PBXTargetDependency */ = {
			isa = PBXTargetDependency;
			target = DE33ED601DCC217100856D80 /* Selfigram */;
			targetProxy = DE33ED761DCC217100856D80 /* PBXContainerItemProxy */;
		};
		DE33ED821DCC217100856D80 /* PBXTargetDependency */ = {
			isa = PBXTargetDependency;
			target = DE33ED601DCC217100856D80 /* Selfigram */;
			targetProxy = DE33ED811DCC217100856D80 /* PBXContainerItemProxy */;
		};
/* End PBXTargetDependency section */

/* Begin PBXVariantGroup section */
		DE33ED681DCC217100856D80 /* Main.storyboard */ = {
			isa = PBXVariantGroup;
			children = (
				DE33ED691DCC217100856D80 /* Base */,
			);
			name = Main.storyboard;
			sourceTree = "<group>";
		};
		DE33ED6D1DCC217100856D80 /* LaunchScreen.storyboard */ = {
			isa = PBXVariantGroup;
			children = (
				DE33ED6E1DCC217100856D80 /* Base */,
			);
			name = LaunchScreen.storyboard;
			sourceTree = "<group>";
		};
/* End PBXVariantGroup section */

/* Begin XCBuildConfiguration section */
		DE33ED871DCC217100856D80 /* Debug */ = {
			isa = XCBuildConfiguration;
			buildSettings = {
				ALWAYS_SEARCH_USER_PATHS = NO;
				CLANG_ANALYZER_NONNULL = YES;
				CLANG_CXX_LANGUAGE_STANDARD = "gnu++0x";
				CLANG_CXX_LIBRARY = "libc++";
				CLANG_ENABLE_MODULES = YES;
				CLANG_ENABLE_OBJC_ARC = YES;
				CLANG_WARN_BOOL_CONVERSION = YES;
				CLANG_WARN_CONSTANT_CONVERSION = YES;
				CLANG_WARN_DIRECT_OBJC_ISA_USAGE = YES_ERROR;
				CLANG_WARN_DOCUMENTATION_COMMENTS = YES;
				CLANG_WARN_EMPTY_BODY = YES;
				CLANG_WARN_ENUM_CONVERSION = YES;
				CLANG_WARN_INFINITE_RECURSION = YES;
				CLANG_WARN_INT_CONVERSION = YES;
				CLANG_WARN_OBJC_ROOT_CLASS = YES_ERROR;
				CLANG_WARN_SUSPICIOUS_MOVES = YES;
				CLANG_WARN_UNREACHABLE_CODE = YES;
				CLANG_WARN__DUPLICATE_METHOD_MATCH = YES;
				"CODE_SIGN_IDENTITY[sdk=iphoneos*]" = "iPhone Developer";
				COPY_PHASE_STRIP = NO;
				DEBUG_INFORMATION_FORMAT = dwarf;
				ENABLE_STRICT_OBJC_MSGSEND = YES;
				ENABLE_TESTABILITY = YES;
				GCC_C_LANGUAGE_STANDARD = gnu99;
				GCC_DYNAMIC_NO_PIC = NO;
				GCC_NO_COMMON_BLOCKS = YES;
				GCC_OPTIMIZATION_LEVEL = 0;
				GCC_PREPROCESSOR_DEFINITIONS = (
					"DEBUG=1",
					"$(inherited)",
				);
				GCC_WARN_64_TO_32_BIT_CONVERSION = YES;
				GCC_WARN_ABOUT_RETURN_TYPE = YES_ERROR;
				GCC_WARN_UNDECLARED_SELECTOR = YES;
				GCC_WARN_UNINITIALIZED_AUTOS = YES_AGGRESSIVE;
				GCC_WARN_UNUSED_FUNCTION = YES;
				GCC_WARN_UNUSED_VARIABLE = YES;
				IPHONEOS_DEPLOYMENT_TARGET = 10.1;
				MTL_ENABLE_DEBUG_INFO = YES;
				ONLY_ACTIVE_ARCH = YES;
				SDKROOT = iphoneos;
				SWIFT_ACTIVE_COMPILATION_CONDITIONS = DEBUG;
				SWIFT_OPTIMIZATION_LEVEL = "-Onone";
			};
			name = Debug;
		};
		DE33ED881DCC217100856D80 /* Release */ = {
			isa = XCBuildConfiguration;
			buildSettings = {
				ALWAYS_SEARCH_USER_PATHS = NO;
				CLANG_ANALYZER_NONNULL = YES;
				CLANG_CXX_LANGUAGE_STANDARD = "gnu++0x";
				CLANG_CXX_LIBRARY = "libc++";
				CLANG_ENABLE_MODULES = YES;
				CLANG_ENABLE_OBJC_ARC = YES;
				CLANG_WARN_BOOL_CONVERSION = YES;
				CLANG_WARN_CONSTANT_CONVERSION = YES;
				CLANG_WARN_DIRECT_OBJC_ISA_USAGE = YES_ERROR;
				CLANG_WARN_DOCUMENTATION_COMMENTS = YES;
				CLANG_WARN_EMPTY_BODY = YES;
				CLANG_WARN_ENUM_CONVERSION = YES;
				CLANG_WARN_INFINITE_RECURSION = YES;
				CLANG_WARN_INT_CONVERSION = YES;
				CLANG_WARN_OBJC_ROOT_CLASS = YES_ERROR;
				CLANG_WARN_SUSPICIOUS_MOVES = YES;
				CLANG_WARN_UNREACHABLE_CODE = YES;
				CLANG_WARN__DUPLICATE_METHOD_MATCH = YES;
				"CODE_SIGN_IDENTITY[sdk=iphoneos*]" = "iPhone Developer";
				COPY_PHASE_STRIP = NO;
				DEBUG_INFORMATION_FORMAT = "dwarf-with-dsym";
				ENABLE_NS_ASSERTIONS = NO;
				ENABLE_STRICT_OBJC_MSGSEND = YES;
				GCC_C_LANGUAGE_STANDARD = gnu99;
				GCC_NO_COMMON_BLOCKS = YES;
				GCC_WARN_64_TO_32_BIT_CONVERSION = YES;
				GCC_WARN_ABOUT_RETURN_TYPE = YES_ERROR;
				GCC_WARN_UNDECLARED_SELECTOR = YES;
				GCC_WARN_UNINITIALIZED_AUTOS = YES_AGGRESSIVE;
				GCC_WARN_UNUSED_FUNCTION = YES;
				GCC_WARN_UNUSED_VARIABLE = YES;
				IPHONEOS_DEPLOYMENT_TARGET = 10.1;
				MTL_ENABLE_DEBUG_INFO = NO;
				SDKROOT = iphoneos;
				SWIFT_OPTIMIZATION_LEVEL = "-Owholemodule";
				VALIDATE_PRODUCT = YES;
			};
			name = Release;
		};
		DE33ED8A1DCC217100856D80 /* Debug */ = {
			isa = XCBuildConfiguration;
			buildSettings = {
				ASSETCATALOG_COMPILER_APPICON_NAME = AppIcon;
				INFOPLIST_FILE = Selfigram/Info.plist;
				LD_RUNPATH_SEARCH_PATHS = "$(inherited) @executable_path/Frameworks";
				PRODUCT_BUNDLE_IDENTIFIER = com.alex.selfigram.Selfigram;
				PRODUCT_NAME = "$(TARGET_NAME)";
				SWIFT_VERSION = 3.0;
			};
			name = Debug;
		};
		DE33ED8B1DCC217100856D80 /* Release */ = {
			isa = XCBuildConfiguration;
			buildSettings = {
				ASSETCATALOG_COMPILER_APPICON_NAME = AppIcon;
				INFOPLIST_FILE = Selfigram/Info.plist;
				LD_RUNPATH_SEARCH_PATHS = "$(inherited) @executable_path/Frameworks";
				PRODUCT_BUNDLE_IDENTIFIER = com.alex.selfigram.Selfigram;
				PRODUCT_NAME = "$(TARGET_NAME)";
				SWIFT_VERSION = 3.0;
			};
			name = Release;
		};
		DE33ED8D1DCC217100856D80 /* Debug */ = {
			isa = XCBuildConfiguration;
			buildSettings = {
				ALWAYS_EMBED_SWIFT_STANDARD_LIBRARIES = YES;
				BUNDLE_LOADER = "$(TEST_HOST)";
				INFOPLIST_FILE = SelfigramTests/Info.plist;
				LD_RUNPATH_SEARCH_PATHS = "$(inherited) @executable_path/Frameworks @loader_path/Frameworks";
				PRODUCT_BUNDLE_IDENTIFIER = com.alex.selfigram.SelfigramTests;
				PRODUCT_NAME = "$(TARGET_NAME)";
				SWIFT_VERSION = 3.0;
				TEST_HOST = "$(BUILT_PRODUCTS_DIR)/Selfigram.app/Selfigram";
			};
			name = Debug;
		};
		DE33ED8E1DCC217100856D80 /* Release */ = {
			isa = XCBuildConfiguration;
			buildSettings = {
				ALWAYS_EMBED_SWIFT_STANDARD_LIBRARIES = YES;
				BUNDLE_LOADER = "$(TEST_HOST)";
				INFOPLIST_FILE = SelfigramTests/Info.plist;
				LD_RUNPATH_SEARCH_PATHS = "$(inherited) @executable_path/Frameworks @loader_path/Frameworks";
				PRODUCT_BUNDLE_IDENTIFIER = com.alex.selfigram.SelfigramTests;
				PRODUCT_NAME = "$(TARGET_NAME)";
				SWIFT_VERSION = 3.0;
				TEST_HOST = "$(BUILT_PRODUCTS_DIR)/Selfigram.app/Selfigram";
			};
			name = Release;
		};
		DE33ED901DCC217100856D80 /* Debug */ = {
			isa = XCBuildConfiguration;
			buildSettings = {
				ALWAYS_EMBED_SWIFT_STANDARD_LIBRARIES = YES;
				INFOPLIST_FILE = SelfigramUITests/Info.plist;
				LD_RUNPATH_SEARCH_PATHS = "$(inherited) @executable_path/Frameworks @loader_path/Frameworks";
				PRODUCT_BUNDLE_IDENTIFIER = com.alex.selfigram.SelfigramUITests;
				PRODUCT_NAME = "$(TARGET_NAME)";
				SWIFT_VERSION = 3.0;
				TEST_TARGET_NAME = Selfigram;
			};
			name = Debug;
		};
		DE33ED911DCC217100856D80 /* Release */ = {
			isa = XCBuildConfiguration;
			buildSettings = {
				ALWAYS_EMBED_SWIFT_STANDARD_LIBRARIES = YES;
				INFOPLIST_FILE = SelfigramUITests/Info.plist;
				LD_RUNPATH_SEARCH_PATHS = "$(inherited) @executable_path/Frameworks @loader_path/Frameworks";
				PRODUCT_BUNDLE_IDENTIFIER = com.alex.selfigram.SelfigramUITests;
				PRODUCT_NAME = "$(TARGET_NAME)";
				SWIFT_VERSION = 3.0;
				TEST_TARGET_NAME = Selfigram;
			};
			name = Release;
		};
/* End XCBuildConfiguration section */

/* Begin XCConfigurationList section */
		DE33ED5C1DCC217100856D80 /* Build configuration list for PBXProject "Selfigram" */ = {
			isa = XCConfigurationList;
			buildConfigurations = (
				DE33ED871DCC217100856D80 /* Debug */,
				DE33ED881DCC217100856D80 /* Release */,
			);
			defaultConfigurationIsVisible = 0;
			defaultConfigurationName = Release;
		};
		DE33ED891DCC217100856D80 /* Build configuration list for PBXNativeTarget "Selfigram" */ = {
			isa = XCConfigurationList;
			buildConfigurations = (
				DE33ED8A1DCC217100856D80 /* Debug */,
				DE33ED8B1DCC217100856D80 /* Release */,
			);
			defaultConfigurationIsVisible = 0;
			defaultConfigurationName = Release;
		};
		DE33ED8C1DCC217100856D80 /* Build configuration list for PBXNativeTarget "SelfigramTests" */ = {
			isa = XCConfigurationList;
			buildConfigurations = (
				DE33ED8D1DCC217100856D80 /* Debug */,
				DE33ED8E1DCC217100856D80 /* Release */,
			);
			defaultConfigurationIsVisible = 0;
			defaultConfigurationName = Release;
		};
		DE33ED8F1DCC217100856D80 /* Build configuration list for PBXNativeTarget "SelfigramUITests" */ = {
			isa = XCConfigurationList;
			buildConfigurations = (
				DE33ED901DCC217100856D80 /* Debug */,
				DE33ED911DCC217100856D80 /* Release */,
			);
			defaultConfigurationIsVisible = 0;
			defaultConfigurationName = Release;
		};
/* End XCConfigurationList section */
	};
	rootObject = DE33ED591DCC217100856D80 /* Project object */;
}
